
Microsoft Visual Studio Solution File, Format Version 12.00
# Visual Studio Version 17
VisualStudioVersion = 17.14.36408.4 d17.14
MinimumVisualStudioVersion = 10.0.40219.1
Project("{FAE04EC0-301F-11D3-BF4B-00C04F79EFBC}") = "RevitAddInSign", "RevitAddInSign.csproj", "{59CE2A3C-2413-4CAC-B6FE-6E1B76CB8229}"
EndProject
Global
	GlobalSection(SolutionConfigurationPlatforms) = preSolution
		Debug|Any CPU = Debug|Any CPU
		Release|Any CPU = Release|Any CPU
	EndGlobalSection
	GlobalSection(ProjectConfigurationPlatforms) = postSolution
		{59CE2A3C-2413-4CAC-B6FE-6E1B76CB8229}.Debug|Any CPU.ActiveCfg = Debug|Any CPU
		{59CE2A3C-2413-4CAC-B6FE-6E1B76CB8229}.Debug|Any CPU.Build.0 = Debug|Any CPU
		{59CE2A3C-2413-4CAC-B6FE-6E1B76CB8229}.Release|Any CPU.ActiveCfg = Release|Any CPU
		{59CE2A3C-2413-4CAC-B6FE-6E1B76CB8229}.Release|Any CPU.Build.0 = Release|Any CPU
	EndGlobalSection
	GlobalSection(SolutionProperties) = preSolution
		HideSolutionNode = FALSE
	EndGlobalSection
	GlobalSection(ExtensibilityGlobals) = postSolution
		SolutionGuid = {01D46168-6CAF-42A6-B48D-3E768B5ED7E9}
	EndGlobalSection
EndGlobal
